
Microsoft Visual Studio Solution File, Format Version 12.00
# Visual Studio Version 17
VisualStudioVersion = 17.9.34902.65
MinimumVisualStudioVersion = 10.0.40219.1
Project("{FAE04EC0-301F-11D3-BF4B-00C04F79EFBC}") = "Ejercicio 1", "Ejercicio 1.csproj", "{377CFB0D-D978-4376-BC78-52A89287DC8B}"
EndProject
Global
	GlobalSection(SolutionConfigurationPlatforms) = preSolution
		Debug|Any CPU = Debug|Any CPU
		Release|Any CPU = Release|Any CPU
	EndGlobalSection
	GlobalSection(ProjectConfigurationPlatforms) = postSolution
		{377CFB0D-D978-4376-BC78-52A89287DC8B}.Debug|Any CPU.ActiveCfg = Debug|Any CPU
		{377CFB0D-D978-4376-BC78-52A89287DC8B}.Debug|Any CPU.Build.0 = Debug|Any CPU
		{377CFB0D-D978-4376-BC78-52A89287DC8B}.Release|Any CPU.ActiveCfg = Release|Any CPU
		{377CFB0D-D978-4376-BC78-52A89287DC8B}.Release|Any CPU.Build.0 = Release|Any CPU
	EndGlobalSection
	GlobalSection(SolutionProperties) = preSolution
		HideSolutionNode = FALSE
	EndGlobalSection
	GlobalSection(ExtensibilityGlobals) = postSolution
		SolutionGuid = {67568E42-27EF-4493-B336-4E6B15EDB4EF}
	EndGlobalSection
EndGlobal
